
Microsoft Visual Studio Solution File, Format Version 12.00
# Visual Studio 15
VisualStudioVersion = 15.0.27130.2020
MinimumVisualStudioVersion = 10.0.40219.1
Project("{9A19103F-16F7-4668-BE54-9A1E7A4F7556}") = "MangleSocks.Core", "src\MangleSocks.Core\MangleSocks.Core.csproj", "{17A1522B-23FE-4AEF-8365-0DE11275B859}"
EndProject
Project("{9A19103F-16F7-4668-BE54-9A1E7A4F7556}") = "MangleSocks.Tests", "src\MangleSocks.Tests\MangleSocks.Tests.csproj", "{FA6882B0-EC23-469C-996B-47BDDBB18A4B}"
EndProject
Project("{9A19103F-16F7-4668-BE54-9A1E7A4F7556}") = "MangleSocks.Cli", "src\MangleSocks.Cli\MangleSocks.Cli.csproj", "{DDD0093E-F29F-4A47-8B09-43D6AB0F411D}"
EndProject
Global
	GlobalSection(SolutionConfigurationPlatforms) = preSolution
		Debug|Any CPU = Debug|Any CPU
		Release|Any CPU = Release|Any CPU
	EndGlobalSection
	GlobalSection(ProjectConfigurationPlatforms) = postSolution
		{17A1522B-23FE-4AEF-8365-0DE11275B859}.Debug|Any CPU.ActiveCfg = Debug|Any CPU
		{17A1522B-23FE-4AEF-8365-0DE11275B859}.Debug|Any CPU.Build.0 = Debug|Any CPU
		{17A1522B-23FE-4AEF-8365-0DE11275B859}.Release|Any CPU.ActiveCfg = Release|Any CPU
		{17A1522B-23FE-4AEF-8365-0DE11275B859}.Release|Any CPU.Build.0 = Release|Any CPU
		{FA6882B0-EC23-469C-996B-47BDDBB18A4B}.Debug|Any CPU.ActiveCfg = Debug|Any CPU
		{FA6882B0-EC23-469C-996B-47BDDBB18A4B}.Debug|Any CPU.Build.0 = Debug|Any CPU
		{FA6882B0-EC23-469C-996B-47BDDBB18A4B}.Release|Any CPU.ActiveCfg = Release|Any CPU
		{FA6882B0-EC23-469C-996B-47BDDBB18A4B}.Release|Any CPU.Build.0 = Release|Any CPU
		{DDD0093E-F29F-4A47-8B09-43D6AB0F411D}.Debug|Any CPU.ActiveCfg = Debug|Any CPU
		{DDD0093E-F29F-4A47-8B09-43D6AB0F411D}.Debug|Any CPU.Build.0 = Debug|Any CPU
		{DDD0093E-F29F-4A47-8B09-43D6AB0F411D}.Release|Any CPU.ActiveCfg = Release|Any CPU
		{DDD0093E-F29F-4A47-8B09-43D6AB0F411D}.Release|Any CPU.Build.0 = Release|Any CPU
	EndGlobalSection
	GlobalSection(SolutionProperties) = preSolution
		HideSolutionNode = FALSE
	EndGlobalSection
	GlobalSection(ExtensibilityGlobals) = postSolution
		SolutionGuid = {72D5EED4-8CB8-42E8-B87D-200F8F83DE2B}
	EndGlobalSection
EndGlobal
